
Microsoft Visual Studio Solution File, Format Version 12.00
# Visual Studio Version 16
VisualStudioVersion = 16.0.809.3
MinimumVisualStudioVersion = 10.0.40219.1
Project("{FAE04EC0-301F-11D3-BF4B-00C04F79EFBC}") = "BasicCalculator", "MyProject\BasicCalculator.csproj", "{D9326782-1973-4E61-93C9-EC70B8C269E1}"
EndProject
Global
	GlobalSection(SolutionConfigurationPlatforms) = preSolution
		Debug|Any CPU = Debug|Any CPU
		Release|Any CPU = Release|Any CPU
	EndGlobalSection
	GlobalSection(ProjectConfigurationPlatforms) = postSolution
		{D9326782-1973-4E61-93C9-EC70B8C269E1}.Debug|Any CPU.ActiveCfg = Debug|Any CPU
		{D9326782-1973-4E61-93C9-EC70B8C269E1}.Debug|Any CPU.Build.0 = Debug|Any CPU
		{D9326782-1973-4E61-93C9-EC70B8C269E1}.Release|Any CPU.ActiveCfg = Release|Any CPU
		{D9326782-1973-4E61-93C9-EC70B8C269E1}.Release|Any CPU.Build.0 = Release|Any CPU
	EndGlobalSection
	GlobalSection(SolutionProperties) = preSolution
		HideSolutionNode = FALSE
	EndGlobalSection
	GlobalSection(ExtensibilityGlobals) = postSolution
		SolutionGuid = {C21FC5D5-7D1F-410F-A1F4-4709B0ACC9CB}
	EndGlobalSection
EndGlobal
